# THIS IS AN AUTOGENERATED FILE. DO NOT EDIT THIS FILE DIRECTLY.
# yarn lockfile v1


axios@^0.18.0:
  version "0.18.0"
  resolved "https://registry.yarnpkg.com/axios/-/axios-0.18.0.tgz#32d53e4851efdc0a11993b6cd000789d70c05102"
  integrity sha1-MtU+SFHv3AoRmTts0AB4nXDAUQI=
  dependencies:
    follow-redirects "^1.3.0"
    is-buffer "^1.1.5"

debug@^3.2.6:
  version "3.2.6"
  resolved "https://registry.yarnpkg.com/debug/-/debug-3.2.6.tgz#e83d17de16d8a7efb7717edbe5fb10135eee629b"
  integrity sha512-mel+jf7nrtEl5Pn1Qx46zARXKDpBbvzezse7p7LqINmdoIk8PYP5SySaxEmYv6TZ0JyEKA1hsCId6DIhgITtWQ==
  dependencies:
    ms "^2.1.1"

follow-redirects@^1.3.0:
  version "1.7.0"
  resolved "https://registry.yarnpkg.com/follow-redirects/-/follow-redirects-1.7.0.tgz#489ebc198dc0e7f64167bd23b03c4c19b5784c76"
  integrity sha512-m/pZQy4Gj287eNy94nivy5wchN3Kp+Q5WgUPNy5lJSZ3sgkVKSYV/ZChMAQVIgx1SqfZ2zBZtPA2YlXIWxxJOQ==
  dependencies:
    debug "^3.2.6"

http-vue-loader@^1.4.0:
  version "1.4.0"
  resolved "https://registry.yarnpkg.com/http-vue-loader/-/http-vue-loader-1.4.0.tgz#9601da8902d30628bc61bbaaf3572cb0f080f895"
  integrity sha512-b/lr7/ZvqGQ5ugDfiSB7XTsGmCjd+KSzW4Fy29qvMxYy9dJUsN8dceMmRu/i8jnxVFVOpk1HjD/u2lxHvEIEzQ==

is-buffer@^1.1.5:
  version "1.1.6"
  resolved "https://registry.yarnpkg.com/is-buffer/-/is-buffer-1.1.6.tgz#efaa2ea9daa0d7ab2ea13a97b2b8ad51fefbe8be"
  integrity sha512-NcdALwpXkTm5Zvvbk7owOUSvVvBKDgKP5/ewfXEznmQFfs4ZRmanOeKBTjRVjka3QFoN6XJ+9F3USqfHqTaU5w==

lodash.merge@^4.6.0:
  version "4.6.1"
  resolved "https://registry.yarnpkg.com/lodash.merge/-/lodash.merge-4.6.1.tgz#adc25d9cb99b9391c59624f379fbba60d7111d54"
  integrity sha512-AOYza4+Hf5z1/0Hztxpm2/xiPZgi/cjMqdnKTUWTBSKchJlxXXuUSxCCl8rJlf4g6yww/j6mA8nC8Hw/EZWxKQ==

modern-copy@^1.0.3:
  version "1.0.3"
  resolved "https://registry.yarnpkg.com/modern-copy/-/modern-copy-1.0.3.tgz#1b0a3e8548316cae95e76f9f75cacb561d193b8e"
  integrity sha512-2JGQcw7PFY74QsVupT1xzR09w7JGWjO9/XxFr42gCVuqPdeSmtRUlfcJnZTTPyRi0dbIXJ5Gotp1Pij4llMNWQ==

ms@^2.1.1:
  version "2.1.1"
  resolved "https://registry.yarnpkg.com/ms/-/ms-2.1.1.tgz#30a5864eb3ebb0a66f2ebe6d727af06a09d86e0a"
  integrity sha512-tgp+dl5cGk28utYktBsrFqA7HKgrhgPsg6Z/EfhWI4gl1Hwq8B/GmY/0oXZ6nF8hDVesS/FpnYaD/kOWhYQvyg==

popper.js@^1.12.9:
  version "1.14.7"
  resolved "https://registry.yarnpkg.com/popper.js/-/popper.js-1.14.7.tgz#e31ec06cfac6a97a53280c3e55e4e0c860e7738e"
  integrity sha512-4q1hNvoUre/8srWsH7hnoSJ5xVmIL4qgz+s4qf2TnJIMyZFUFMGH+9vE7mXynAlHSZ/NdTmmow86muD0myUkVQ==

v-copy@^0.1.0:
  version "0.1.0"
  resolved "https://registry.yarnpkg.com/v-copy/-/v-copy-0.1.0.tgz#05214524346be27bf149f10fff4660bbd7e69e67"
  integrity sha512-ZW2niLJYVYSiUSlG/aweI/iQ4nr3HcfGnIHxGjCbdSSV3YQOk2AjVK09ba/WrlprCispWagpkLoOBaNqphsEYA==
  dependencies:
    modern-copy "^1.0.3"

v-tooltip@^2.0.0-rc.33:
  version "2.0.0-rc.33"
  resolved "https://registry.yarnpkg.com/v-tooltip/-/v-tooltip-2.0.0-rc.33.tgz#78f7d8e9c34265622be65ba9dc78c67f1dc02b73"
  integrity sha1-ePfY6cNCZWIr5lup3HjGfx3AK3M=
  dependencies:
    lodash.merge "^4.6.0"
    popper.js "^1.12.9"
    vue-resize "^0.4.3"

vue-resize@^0.4.3:
  version "0.4.5"
  resolved "https://registry.yarnpkg.com/vue-resize/-/vue-resize-0.4.5.tgz#4777a23042e3c05620d9cbda01c0b3cc5e32dcea"
  integrity sha512-bhP7MlgJQ8TIkZJXAfDf78uJO+mEI3CaLABLjv0WNzr4CcGRGPIAItyWYnP6LsPA4Oq0WE+suidNs6dgpO4RHg==

vue@^2.6.8:
  version "2.6.8"
  resolved "https://registry.yarnpkg.com/vue/-/vue-2.6.8.tgz#f21cbc536bfc14f7d1d792a137bb12f69e60ea91"
  integrity sha512-+vp9lEC2Kt3yom673pzg1J7T1NVGuGzO9j8Wxno+rQN2WYVBX2pyo/RGQ3fXCLh2Pk76Skw/laAPCuBuEQ4diw==
